
Microsoft Visual Studio Solution File, Format Version 12.00
# Visual Studio Version 17
VisualStudioVersion = 17.5.002.0
MinimumVisualStudioVersion = 10.0.40219.1
Project("{9A19103F-16F7-4668-BE54-9A1E7A4F7556}") = "sum_project", "sum_project.csproj", "{C8C36B2B-2FC8-420F-8F2D-B552722DA261}"
EndProject
Global
	GlobalSection(SolutionConfigurationPlatforms) = preSolution
		Debug|Any CPU = Debug|Any CPU
		Release|Any CPU = Release|Any CPU
	EndGlobalSection
	GlobalSection(ProjectConfigurationPlatforms) = postSolution
		{C8C36B2B-2FC8-420F-8F2D-B552722DA261}.Debug|Any CPU.ActiveCfg = Debug|Any CPU
		{C8C36B2B-2FC8-420F-8F2D-B552722DA261}.Debug|Any CPU.Build.0 = Debug|Any CPU
		{C8C36B2B-2FC8-420F-8F2D-B552722DA261}.Release|Any CPU.ActiveCfg = Release|Any CPU
		{C8C36B2B-2FC8-420F-8F2D-B552722DA261}.Release|Any CPU.Build.0 = Release|Any CPU
	EndGlobalSection
	GlobalSection(SolutionProperties) = preSolution
		HideSolutionNode = FALSE
	EndGlobalSection
	GlobalSection(ExtensibilityGlobals) = postSolution
		SolutionGuid = {9E9DB601-480F-4C41-AAF5-7ED656D99746}
	EndGlobalSection
EndGlobal
